<?xml version="1.0" encoding="utf-8"?>
<Project ToolsVersion="4.0" xmlns="http://schemas.microsoft.com/developer/msbuild/2003">
  <ItemGroup>
    <Filter Include="Source Files">
      <UniqueIdentifier>{4FC737F1-C7A5-4376-A066-2A32D752A2FF}</UniqueIdentifier>
      <Extensions>cpp;c;cc;cxx;def;odl;idl;hpj;bat;asm;asmx</Extensions>
    </Filter>
    <Filter Include="Header Files">
      <UniqueIdentifier>{93995380-89BD-4b04-88EB-625FBE52EBFB}</UniqueIdentifier>
      <Extensions>h;hh;hpp;hxx;hm;inl;inc;xsd</Extensions>
    </Filter>
    <Filter Include="Resource Files">
      <UniqueIdentifier>{67DA6AB6-F800-4c08-8B7A-83BB121AAD01}</UniqueIdentifier>
      <Extensions>rc;ico;cur;bmp;dlg;rc2;rct;bin;rgs;gif;jpg;jpeg;jpe;resx;tiff;tif;png;wav;mfcribbon-ms</Extensions>
    </Filter>
  </ItemGroup>
  <ItemGroup>
    <None Include="LMDZ_vs2019.ino" />
    <None Include="mylib.h">
      <Filter>Header Files</Filter>
    </None>
    <None Include="myHead.h">
      <Filter>Header Files</Filter>
    </None>
    <None Include="myStructs.h">
      <Filter>Header Files</Filter>
    </None>
    <None Include="aveRage.c">
      <Filter>Resource Files</Filter>
    </None>
    <None Include="cmpValues.c">
      <Filter>Resource Files</Filter>
    </None>
    <None Include="draw.c">
      <Filter>Resource Files</Filter>
    </None>
    <None Include="getValue.c">
      <Filter>Resource Files</Filter>
    </None>
    <None Include="quartileDeviation.c">
      <Filter>Resource Files</Filter>
    </None>
    <None Include="rearrange.c">
      <Filter>Resource Files</Filter>
    </None>
    <None Include="smallPrint.c">
      <Filter>Resource Files</Filter>
    </None>
    <None Include="valuesPrint.c">
      <Filter>Resource Files</Filter>
    </None>
  </ItemGroup>
  <ItemGroup>
    <ClInclude Include="__vm\.LMDZ_whole.vsarduino.h">
      <Filter>Header Files</Filter>
    </ClInclude>
    <ClInclude Include="QD_struct.h">
      <Filter>Header Files</Filter>
    </ClInclude>
    <ClInclude Include="sensor_struct.h">
      <Filter>Header Files</Filter>
    </ClInclude>
    <ClInclude Include="aveRage.h">
      <Filter>Header Files</Filter>
    </ClInclude>
    <ClInclude Include="cmpValues.h">
      <Filter>Header Files</Filter>
    </ClInclude>
    <ClInclude Include="draw.h">
      <Filter>Header Files</Filter>
    </ClInclude>
    <ClInclude Include="getValue.h">
      <Filter>Header Files</Filter>
    </ClInclude>
    <ClInclude Include="quartileDeviation.h">
      <Filter>Header Files</Filter>
    </ClInclude>
    <ClInclude Include="rearrange.h">
      <Filter>Header Files</Filter>
    </ClInclude>
    <ClInclude Include="smallPrint.h">
      <Filter>Header Files</Filter>
    </ClInclude>
    <ClInclude Include="valuesPrint.h">
      <Filter>Header Files</Filter>
    </ClInclude>
    <ClInclude Include="heads.h">
      <Filter>Header Files</Filter>
    </ClInclude>
  </ItemGroup>
</Project>