
Microsoft Visual Studio Solution File, Format Version 12.00
# Visual Studio Version 16
VisualStudioVersion = 16.0.28729.10
MinimumVisualStudioVersion = 10.0.40219.1
Project("{8BC9CEB8-8B4A-11D0-8D11-00A0C91BC942}") = "struct_TO_OOP", "struct_TO_OOP.vcxproj", "{B4A2655A-0F44-4B52-BB33-401C2DB719A4}"
EndProject
Global
	GlobalSection(SolutionConfigurationPlatforms) = preSolution
		Debug|x64 = Debug|x64
		Debug|x86 = Debug|x86
		Release|x64 = Release|x64
		Release|x86 = Release|x86
	EndGlobalSection
	GlobalSection(ProjectConfigurationPlatforms) = postSolution
		{B4A2655A-0F44-4B52-BB33-401C2DB719A4}.Debug|x64.ActiveCfg = Debug|x64
		{B4A2655A-0F44-4B52-BB33-401C2DB719A4}.Debug|x64.Build.0 = Debug|x64
		{B4A2655A-0F44-4B52-BB33-401C2DB719A4}.Debug|x86.ActiveCfg = Debug|Win32
		{B4A2655A-0F44-4B52-BB33-401C2DB719A4}.Debug|x86.Build.0 = Debug|Win32
		{B4A2655A-0F44-4B52-BB33-401C2DB719A4}.Release|x64.ActiveCfg = Release|x64
		{B4A2655A-0F44-4B52-BB33-401C2DB719A4}.Release|x64.Build.0 = Release|x64
		{B4A2655A-0F44-4B52-BB33-401C2DB719A4}.Release|x86.ActiveCfg = Release|Win32
		{B4A2655A-0F44-4B52-BB33-401C2DB719A4}.Release|x86.Build.0 = Release|Win32
	EndGlobalSection
	GlobalSection(SolutionProperties) = preSolution
		HideSolutionNode = FALSE
	EndGlobalSection
	GlobalSection(ExtensibilityGlobals) = postSolution
		SolutionGuid = {5D981D92-B53D-4769-8E79-6EA87A08E090}
	EndGlobalSection
EndGlobal
